# This file is automatically @generated by Cargo.
# It is not intended for manual editing.
version = 4

[[package]]
name = "c8-instruments"
version = "26.6.9"
dependencies = [
 "c8-market",
 "c8-time",
]

[[package]]
name = "c8-market"
version = "26.6.9"
dependencies = [
 "c8-time",
]

[[package]]
name = "c8-time"
version = "26.6.9"
